{
  "name": "@tix-factory/extension-messaging",
  "version": "1.0.0",
  "lockfileVersion": 3,
  "requires": true,
  "packages": {
    "": {
      "name": "@tix-factory/extension-messaging",
      "version": "1.0.0",
      "dependencies": {
        "@tix-factory/extension-utils": "file:../extension-utils"
      },
      "devDependencies": {
        "@types/chrome": "^0.0.237",
        "typescript": "^5.0.2"
      }
    },
    "../extension-utils": {
      "name": "@tix-factory/extension-utils",
      "version": "1.0.0",
      "devDependencies": {
        "@types/chrome": "^0.0.237",
        "typescript": "^5.0.2"
      }
    },
    "../extension-utils/node_modules/@types/chrome": {
      "version": "0.0.237",
      "dev": true,
      "license": "MIT",
      "dependencies": {
        "@types/filesystem": "*",
        "@types/har-format": "*"
      }
    },
    "../extension-utils/node_modules/@types/filesystem": {
      "version": "0.0.32",
      "dev": true,
      "license": "MIT",
      "dependencies": {
        "@types/filewriter": "*"
      }
    },
    "../extension-utils/node_modules/@types/filewriter": {
      "version": "0.0.29",
      "dev": true,
      "license": "MIT"
    },
    "../extension-utils/node_modules/@types/har-format": {
      "version": "1.2.11",
      "dev": true,
      "license": "MIT"
    },
    "../extension-utils/node_modules/typescript": {
      "version": "5.1.3",
      "dev": true,
      "license": "Apache-2.0",
      "bin": {
        "tsc": "bin/tsc",
        "tsserver": "bin/tsserver"
      },
      "engines": {
        "node": ">=14.17"
      }
    },
    "node_modules/@tix-factory/extension-utils": {
      "resolved": "../extension-utils",
      "link": true
    },
    "node_modules/@types/chrome": {
      "version": "0.0.237",
      "dev": true,
      "license": "MIT",
      "dependencies": {
        "@types/filesystem": "*",
        "@types/har-format": "*"
      }
    },
    "node_modules/@types/filesystem": {
      "version": "0.0.32",
      "dev": true,
      "license": "MIT",
      "dependencies": {
        "@types/filewriter": "*"
      }
    },
    "node_modules/@types/filewriter": {
      "version": "0.0.29",
      "dev": true,
      "license": "MIT"
    },
    "node_modules/@types/har-format": {
      "version": "1.2.11",
      "dev": true,
      "license": "MIT"
    },
    "node_modules/typescript": {
      "version": "5.1.3",
      "dev": true,
      "license": "Apache-2.0",
      "bin": {
        "tsc": "bin/tsc",
        "tsserver": "bin/tsserver"
      },
      "engines": {
        "node": ">=14.17"
      }
    }
  }
}
